
Microsoft Visual Studio Solution File, Format Version 12.00
# Visual Studio 15
VisualStudioVersion = 15.0.28307.1525
MinimumVisualStudioVersion = 10.0.40219.1
Project("{8BC9CEB8-8B4A-11D0-8D11-00A0C91BC942}") = "CSV", "CSV.vcxproj", "{13FD2187-4302-4752-A7A2-BC7EBDF40B57}"
EndProject
Global
	GlobalSection(SolutionConfigurationPlatforms) = preSolution
		Debug|x64 = Debug|x64
		Debug|x86 = Debug|x86
		Debug64|x64 = Debug64|x64
		Debug64|x86 = Debug64|x86
		Release|x64 = Release|x64
		Release|x86 = Release|x86
	EndGlobalSection
	GlobalSection(ProjectConfigurationPlatforms) = postSolution
		{13FD2187-4302-4752-A7A2-BC7EBDF40B57}.Debug|x64.ActiveCfg = Debug|Win32
		{13FD2187-4302-4752-A7A2-BC7EBDF40B57}.Debug|x64.Build.0 = Debug|Win32
		{13FD2187-4302-4752-A7A2-BC7EBDF40B57}.Debug|x86.ActiveCfg = Debug|Win32
		{13FD2187-4302-4752-A7A2-BC7EBDF40B57}.Debug|x86.Build.0 = Debug|Win32
		{13FD2187-4302-4752-A7A2-BC7EBDF40B57}.Debug64|x64.ActiveCfg = Debug64|Win32
		{13FD2187-4302-4752-A7A2-BC7EBDF40B57}.Debug64|x64.Build.0 = Debug64|Win32
		{13FD2187-4302-4752-A7A2-BC7EBDF40B57}.Debug64|x86.ActiveCfg = Debug64|Win32
		{13FD2187-4302-4752-A7A2-BC7EBDF40B57}.Debug64|x86.Build.0 = Debug64|Win32
		{13FD2187-4302-4752-A7A2-BC7EBDF40B57}.Release|x64.ActiveCfg = Release|x64
		{13FD2187-4302-4752-A7A2-BC7EBDF40B57}.Release|x64.Build.0 = Release|x64
		{13FD2187-4302-4752-A7A2-BC7EBDF40B57}.Release|x86.ActiveCfg = Release|Win32
		{13FD2187-4302-4752-A7A2-BC7EBDF40B57}.Release|x86.Build.0 = Release|Win32
	EndGlobalSection
	GlobalSection(SolutionProperties) = preSolution
		HideSolutionNode = FALSE
	EndGlobalSection
	GlobalSection(ExtensibilityGlobals) = postSolution
		SolutionGuid = {CFD29B85-1306-4F0F-A0A8-AFB61F2234E3}
	EndGlobalSection
EndGlobal
