
Microsoft Visual Studio Solution File, Format Version 12.00
# Visual Studio 15
VisualStudioVersion = 15.0.28307.1525
MinimumVisualStudioVersion = 10.0.40219.1
Project("{8BC9CEB8-8B4A-11D0-8D11-00A0C91BC942}") = "dataprocess", "dataprocess.vcxproj", "{2E295CF5-8360-4681-AC40-B11D414CFEDC}"
EndProject
Global
	GlobalSection(SolutionConfigurationPlatforms) = preSolution
		Debug|x64 = Debug|x64
		Debug|x86 = Debug|x86
		Release|x64 = Release|x64
		Release|x86 = Release|x86
	EndGlobalSection
	GlobalSection(ProjectConfigurationPlatforms) = postSolution
		{2E295CF5-8360-4681-AC40-B11D414CFEDC}.Debug|x64.ActiveCfg = Debug|x64
		{2E295CF5-8360-4681-AC40-B11D414CFEDC}.Debug|x64.Build.0 = Debug|x64
		{2E295CF5-8360-4681-AC40-B11D414CFEDC}.Debug|x86.ActiveCfg = Debug|Win32
		{2E295CF5-8360-4681-AC40-B11D414CFEDC}.Debug|x86.Build.0 = Debug|Win32
		{2E295CF5-8360-4681-AC40-B11D414CFEDC}.Release|x64.ActiveCfg = Release|x64
		{2E295CF5-8360-4681-AC40-B11D414CFEDC}.Release|x64.Build.0 = Release|x64
		{2E295CF5-8360-4681-AC40-B11D414CFEDC}.Release|x86.ActiveCfg = Release|Win32
		{2E295CF5-8360-4681-AC40-B11D414CFEDC}.Release|x86.Build.0 = Release|Win32
	EndGlobalSection
	GlobalSection(SolutionProperties) = preSolution
		HideSolutionNode = FALSE
	EndGlobalSection
	GlobalSection(ExtensibilityGlobals) = postSolution
		SolutionGuid = {29FEA36F-0614-4258-9BA1-CBA2DD9E189D}
	EndGlobalSection
EndGlobal
